
Microsoft Visual Studio Solution File, Format Version 12.00
# Visual Studio 15
VisualStudioVersion = 15.0.28307.329
MinimumVisualStudioVersion = 10.0.40219.1
Project("{FAE04EC0-301F-11D3-BF4B-00C04F79EFBC}") = "Task4", "Task4\Task4.csproj", "{079595EB-E2FA-4CC4-AC63-056AAAB98AC3}"
EndProject
Global
	GlobalSection(SolutionConfigurationPlatforms) = preSolution
		Debug|Any CPU = Debug|Any CPU
		Release|Any CPU = Release|Any CPU
	EndGlobalSection
	GlobalSection(ProjectConfigurationPlatforms) = postSolution
		{079595EB-E2FA-4CC4-AC63-056AAAB98AC3}.Debug|Any CPU.ActiveCfg = Debug|Any CPU
		{079595EB-E2FA-4CC4-AC63-056AAAB98AC3}.Debug|Any CPU.Build.0 = Debug|Any CPU
		{079595EB-E2FA-4CC4-AC63-056AAAB98AC3}.Release|Any CPU.ActiveCfg = Release|Any CPU
		{079595EB-E2FA-4CC4-AC63-056AAAB98AC3}.Release|Any CPU.Build.0 = Release|Any CPU
	EndGlobalSection
	GlobalSection(SolutionProperties) = preSolution
		HideSolutionNode = FALSE
	EndGlobalSection
	GlobalSection(ExtensibilityGlobals) = postSolution
		SolutionGuid = {871B9992-3193-43FE-A239-B70D44629950}
	EndGlobalSection
EndGlobal
